
Microsoft Visual Studio Solution File, Format Version 12.00
# Visual Studio Version 17
VisualStudioVersion = 17.11.35312.102
MinimumVisualStudioVersion = 10.0.40219.1
Project("{8BC9CEB8-8B4A-11D0-8D11-00A0C91BC942}") = "9 - Palindrome Number", "9 - Palindrome Number\9 - Palindrome Number.vcxproj", "{AA413488-29BF-4257-BFF5-A00B6A302D90}"
EndProject
Project("{8BC9CEB8-8B4A-11D0-8D11-00A0C91BC942}") = "2 - Add Two Numbers", "2 - Add Two Numbers\2 - Add Two Numbers.vcxproj", "{712F6B4B-4809-4A5B-AF0E-2A2A40EFA887}"
EndProject
Project("{8BC9CEB8-8B4A-11D0-8D11-00A0C91BC942}") = "1 - Two Sum", "1 - Two Sum\1 - Two Sum.vcxproj", "{B5F4257A-C490-479B-A36F-8FC7DDE4DC23}"
EndProject
Project("{8BC9CEB8-8B4A-11D0-8D11-00A0C91BC942}") = "13 - Roman to Integer", "13 - Roman to Integer\13 - Roman to Integer.vcxproj", "{875F09A0-EB5D-459B-97C4-FBA8E3B2B0F1}"
EndProject
Project("{8BC9CEB8-8B4A-11D0-8D11-00A0C91BC942}") = "14 - Longest Common Prefix", "14 - Longest Common Prefix\14 - Longest Common Prefix.vcxproj", "{433C6B39-BBFD-487F-86B8-F0BAED9EFD0B}"
EndProject
Project("{8BC9CEB8-8B4A-11D0-8D11-00A0C91BC942}") = "20 - Valid Parentheses", "20 - Valid Parentheses\20 - Valid Parentheses.vcxproj", "{23E04AB4-0CEC-47E0-B88E-2D84C4CD2944}"
EndProject
Project("{8BC9CEB8-8B4A-11D0-8D11-00A0C91BC942}") = "26 - Remove Duplicates from Sorted Array", "26 - Remove Duplicates from Sorted Array\26 - Remove Duplicates from Sorted Array.vcxproj", "{8607A3CB-97CD-4743-8898-3C85C0190BC6}"
EndProject
Global
	GlobalSection(SolutionConfigurationPlatforms) = preSolution
		Debug|x64 = Debug|x64
		Debug|x86 = Debug|x86
		Release|x64 = Release|x64
		Release|x86 = Release|x86
	EndGlobalSection
	GlobalSection(ProjectConfigurationPlatforms) = postSolution
		{AA413488-29BF-4257-BFF5-A00B6A302D90}.Debug|x64.ActiveCfg = Debug|x64
		{AA413488-29BF-4257-BFF5-A00B6A302D90}.Debug|x64.Build.0 = Debug|x64
		{AA413488-29BF-4257-BFF5-A00B6A302D90}.Debug|x86.ActiveCfg = Debug|Win32
		{AA413488-29BF-4257-BFF5-A00B6A302D90}.Debug|x86.Build.0 = Debug|Win32
		{AA413488-29BF-4257-BFF5-A00B6A302D90}.Release|x64.ActiveCfg = Release|x64
		{AA413488-29BF-4257-BFF5-A00B6A302D90}.Release|x64.Build.0 = Release|x64
		{AA413488-29BF-4257-BFF5-A00B6A302D90}.Release|x86.ActiveCfg = Release|Win32
		{AA413488-29BF-4257-BFF5-A00B6A302D90}.Release|x86.Build.0 = Release|Win32
		{712F6B4B-4809-4A5B-AF0E-2A2A40EFA887}.Debug|x64.ActiveCfg = Debug|x64
		{712F6B4B-4809-4A5B-AF0E-2A2A40EFA887}.Debug|x64.Build.0 = Debug|x64
		{712F6B4B-4809-4A5B-AF0E-2A2A40EFA887}.Debug|x86.ActiveCfg = Debug|Win32
		{712F6B4B-4809-4A5B-AF0E-2A2A40EFA887}.Debug|x86.Build.0 = Debug|Win32
		{712F6B4B-4809-4A5B-AF0E-2A2A40EFA887}.Release|x64.ActiveCfg = Release|x64
		{712F6B4B-4809-4A5B-AF0E-2A2A40EFA887}.Release|x64.Build.0 = Release|x64
		{712F6B4B-4809-4A5B-AF0E-2A2A40EFA887}.Release|x86.ActiveCfg = Release|Win32
		{712F6B4B-4809-4A5B-AF0E-2A2A40EFA887}.Release|x86.Build.0 = Release|Win32
		{B5F4257A-C490-479B-A36F-8FC7DDE4DC23}.Debug|x64.ActiveCfg = Debug|x64
		{B5F4257A-C490-479B-A36F-8FC7DDE4DC23}.Debug|x64.Build.0 = Debug|x64
		{B5F4257A-C490-479B-A36F-8FC7DDE4DC23}.Debug|x86.ActiveCfg = Debug|Win32
		{B5F4257A-C490-479B-A36F-8FC7DDE4DC23}.Debug|x86.Build.0 = Debug|Win32
		{B5F4257A-C490-479B-A36F-8FC7DDE4DC23}.Release|x64.ActiveCfg = Release|x64
		{B5F4257A-C490-479B-A36F-8FC7DDE4DC23}.Release|x64.Build.0 = Release|x64
		{B5F4257A-C490-479B-A36F-8FC7DDE4DC23}.Release|x86.ActiveCfg = Release|Win32
		{B5F4257A-C490-479B-A36F-8FC7DDE4DC23}.Release|x86.Build.0 = Release|Win32
		{875F09A0-EB5D-459B-97C4-FBA8E3B2B0F1}.Debug|x64.ActiveCfg = Debug|x64
		{875F09A0-EB5D-459B-97C4-FBA8E3B2B0F1}.Debug|x64.Build.0 = Debug|x64
		{875F09A0-EB5D-459B-97C4-FBA8E3B2B0F1}.Debug|x86.ActiveCfg = Debug|Win32
		{875F09A0-EB5D-459B-97C4-FBA8E3B2B0F1}.Debug|x86.Build.0 = Debug|Win32
		{875F09A0-EB5D-459B-97C4-FBA8E3B2B0F1}.Release|x64.ActiveCfg = Release|x64
		{875F09A0-EB5D-459B-97C4-FBA8E3B2B0F1}.Release|x64.Build.0 = Release|x64
		{875F09A0-EB5D-459B-97C4-FBA8E3B2B0F1}.Release|x86.ActiveCfg = Release|Win32
		{875F09A0-EB5D-459B-97C4-FBA8E3B2B0F1}.Release|x86.Build.0 = Release|Win32
		{433C6B39-BBFD-487F-86B8-F0BAED9EFD0B}.Debug|x64.ActiveCfg = Debug|x64
		{433C6B39-BBFD-487F-86B8-F0BAED9EFD0B}.Debug|x64.Build.0 = Debug|x64
		{433C6B39-BBFD-487F-86B8-F0BAED9EFD0B}.Debug|x86.ActiveCfg = Debug|Win32
		{433C6B39-BBFD-487F-86B8-F0BAED9EFD0B}.Debug|x86.Build.0 = Debug|Win32
		{433C6B39-BBFD-487F-86B8-F0BAED9EFD0B}.Release|x64.ActiveCfg = Release|x64
		{433C6B39-BBFD-487F-86B8-F0BAED9EFD0B}.Release|x64.Build.0 = Release|x64
		{433C6B39-BBFD-487F-86B8-F0BAED9EFD0B}.Release|x86.ActiveCfg = Release|Win32
		{433C6B39-BBFD-487F-86B8-F0BAED9EFD0B}.Release|x86.Build.0 = Release|Win32
		{23E04AB4-0CEC-47E0-B88E-2D84C4CD2944}.Debug|x64.ActiveCfg = Debug|x64
		{23E04AB4-0CEC-47E0-B88E-2D84C4CD2944}.Debug|x64.Build.0 = Debug|x64
		{23E04AB4-0CEC-47E0-B88E-2D84C4CD2944}.Debug|x86.ActiveCfg = Debug|Win32
		{23E04AB4-0CEC-47E0-B88E-2D84C4CD2944}.Debug|x86.Build.0 = Debug|Win32
		{23E04AB4-0CEC-47E0-B88E-2D84C4CD2944}.Release|x64.ActiveCfg = Release|x64
		{23E04AB4-0CEC-47E0-B88E-2D84C4CD2944}.Release|x64.Build.0 = Release|x64
		{23E04AB4-0CEC-47E0-B88E-2D84C4CD2944}.Release|x86.ActiveCfg = Release|Win32
		{23E04AB4-0CEC-47E0-B88E-2D84C4CD2944}.Release|x86.Build.0 = Release|Win32
		{8607A3CB-97CD-4743-8898-3C85C0190BC6}.Debug|x64.ActiveCfg = Debug|x64
		{8607A3CB-97CD-4743-8898-3C85C0190BC6}.Debug|x64.Build.0 = Debug|x64
		{8607A3CB-97CD-4743-8898-3C85C0190BC6}.Debug|x86.ActiveCfg = Debug|Win32
		{8607A3CB-97CD-4743-8898-3C85C0190BC6}.Debug|x86.Build.0 = Debug|Win32
		{8607A3CB-97CD-4743-8898-3C85C0190BC6}.Release|x64.ActiveCfg = Release|x64
		{8607A3CB-97CD-4743-8898-3C85C0190BC6}.Release|x64.Build.0 = Release|x64
		{8607A3CB-97CD-4743-8898-3C85C0190BC6}.Release|x86.ActiveCfg = Release|Win32
		{8607A3CB-97CD-4743-8898-3C85C0190BC6}.Release|x86.Build.0 = Release|Win32
	EndGlobalSection
	GlobalSection(SolutionProperties) = preSolution
		HideSolutionNode = FALSE
	EndGlobalSection
	GlobalSection(ExtensibilityGlobals) = postSolution
		SolutionGuid = {258FA0DC-6F96-4F66-AFBB-0DFBB478BB89}
	EndGlobalSection
EndGlobal
